
Microsoft Visual Studio Solution File, Format Version 12.00
# Visual Studio 15
VisualStudioVersion = 15.0.26124.0
MinimumVisualStudioVersion = 15.0.26124.0
Project("{2150E333-8FDC-42A3-9474-1A3956D46DE8}") = "src", "src", "{215A672B-9FA4-4668-B3B5-6FBD4895F412}"
EndProject
Project("{FAE04EC0-301F-11D3-BF4B-00C04F79EFBC}") = "MetadataExtractor", "src\MetadataExtractor\MetadataExtractor.csproj", "{8A1F15D6-7E5D-4EED-A944-AAAD37807351}"
EndProject
Project("{2150E333-8FDC-42A3-9474-1A3956D46DE8}") = "test", "test", "{31493EB7-965B-4CE3-AEAA-BD44CA2F857A}"
EndProject
Project("{FAE04EC0-301F-11D3-BF4B-00C04F79EFBC}") = "MetadataExtractor.Tests", "test\MetadataExtractor.Tests\MetadataExtractor.Tests.csproj", "{926134D7-C58E-400E-B4A5-1C5AB7D9110E}"
EndProject
Global
	GlobalSection(SolutionConfigurationPlatforms) = preSolution
		Debug|Any CPU = Debug|Any CPU
		Release|Any CPU = Release|Any CPU
	EndGlobalSection
	GlobalSection(SolutionProperties) = preSolution
		HideSolutionNode = FALSE
	EndGlobalSection
	GlobalSection(ProjectConfigurationPlatforms) = postSolution
		{8A1F15D6-7E5D-4EED-A944-AAAD37807351}.Debug|Any CPU.ActiveCfg = Debug|Any CPU
		{8A1F15D6-7E5D-4EED-A944-AAAD37807351}.Debug|Any CPU.Build.0 = Debug|Any CPU
		{8A1F15D6-7E5D-4EED-A944-AAAD37807351}.Release|Any CPU.ActiveCfg = Release|Any CPU
		{8A1F15D6-7E5D-4EED-A944-AAAD37807351}.Release|Any CPU.Build.0 = Release|Any CPU
		{926134D7-C58E-400E-B4A5-1C5AB7D9110E}.Debug|Any CPU.ActiveCfg = Debug|Any CPU
		{926134D7-C58E-400E-B4A5-1C5AB7D9110E}.Debug|Any CPU.Build.0 = Debug|Any CPU
		{926134D7-C58E-400E-B4A5-1C5AB7D9110E}.Release|Any CPU.ActiveCfg = Release|Any CPU
		{926134D7-C58E-400E-B4A5-1C5AB7D9110E}.Release|Any CPU.Build.0 = Release|Any CPU
	EndGlobalSection
	GlobalSection(NestedProjects) = preSolution
		{8A1F15D6-7E5D-4EED-A944-AAAD37807351} = {215A672B-9FA4-4668-B3B5-6FBD4895F412}
		{926134D7-C58E-400E-B4A5-1C5AB7D9110E} = {31493EB7-965B-4CE3-AEAA-BD44CA2F857A}
	EndGlobalSection
EndGlobal
